
Microsoft Visual Studio Solution File, Format Version 12.00
# Visual Studio 15
VisualStudioVersion = 15.0.27004.2008
MinimumVisualStudioVersion = 10.0.40219.1
Project("{FAE04EC0-301F-11D3-BF4B-00C04F79EFBC}") = "Multiplayer", "Multiplayer.csproj", "{BE2F4F82-5C3F-4C00-8675-2BB9E494C726}"
EndProject
Project("{FAE04EC0-301F-11D3-BF4B-00C04F79EFBC}") = "ConsoleApp1", "..\ConsoleApp1\ConsoleApp1.csproj", "{BCF99FCB-B832-4027-A3D8-5FC571528AFC}"
EndProject
Project("{FAE04EC0-301F-11D3-BF4B-00C04F79EFBC}") = "ConsoleApp2", "..\ConsoleApp2\ConsoleApp2.csproj", "{AE81EDB8-8260-4CA1-8F62-6583AC1F6BFA}"
EndProject
Project("{FAE04EC0-301F-11D3-BF4B-00C04F79EFBC}") = "ConsoleApp3", "..\ConsoleApp3\ConsoleApp3.csproj", "{508CB3FE-59C0-4211-8EAB-1AB4C7739E36}"
EndProject
Project("{FAE04EC0-301F-11D3-BF4B-00C04F79EFBC}") = "ILSpyPlugin", "..\ILSpyPlugin\ILSpyPlugin.csproj", "{02520D5B-5A13-4A70-80A6-B1DF17CF4A05}"
EndProject
Project("{8BC9CEB8-8B4A-11D0-8D11-00A0C91BC942}") = "ProfilerNative", "..\ProfilerNative\ProfilerNative.vcxproj", "{AA70F6DE-C0C6-489A-9248-8C8AF722A9C9}"
EndProject
Project("{FAE04EC0-301F-11D3-BF4B-00C04F79EFBC}") = "ConsoleApp4", "..\ConsoleApp4\ConsoleApp4.csproj", "{7CD434EA-F53D-4253-A1A2-7A2E56218BD9}"
EndProject
Global
	GlobalSection(SolutionConfigurationPlatforms) = preSolution
		Debug|Any CPU = Debug|Any CPU
		Debug|x64 = Debug|x64
		Debug|x86 = Debug|x86
		Release|Any CPU = Release|Any CPU
		Release|x64 = Release|x64
		Release|x86 = Release|x86
		WIN_UNSAFE|Any CPU = WIN_UNSAFE|Any CPU
		WIN_UNSAFE|x64 = WIN_UNSAFE|x64
		WIN_UNSAFE|x86 = WIN_UNSAFE|x86
	EndGlobalSection
	GlobalSection(ProjectConfigurationPlatforms) = postSolution
		{BE2F4F82-5C3F-4C00-8675-2BB9E494C726}.Debug|Any CPU.ActiveCfg = Debug|Any CPU
		{BE2F4F82-5C3F-4C00-8675-2BB9E494C726}.Debug|Any CPU.Build.0 = Debug|Any CPU
		{BE2F4F82-5C3F-4C00-8675-2BB9E494C726}.Debug|x64.ActiveCfg = Debug|Any CPU
		{BE2F4F82-5C3F-4C00-8675-2BB9E494C726}.Debug|x64.Build.0 = Debug|Any CPU
		{BE2F4F82-5C3F-4C00-8675-2BB9E494C726}.Debug|x86.ActiveCfg = Debug|Any CPU
		{BE2F4F82-5C3F-4C00-8675-2BB9E494C726}.Debug|x86.Build.0 = Debug|Any CPU
		{BE2F4F82-5C3F-4C00-8675-2BB9E494C726}.Release|Any CPU.ActiveCfg = Release|Any CPU
		{BE2F4F82-5C3F-4C00-8675-2BB9E494C726}.Release|Any CPU.Build.0 = Release|Any CPU
		{BE2F4F82-5C3F-4C00-8675-2BB9E494C726}.Release|x64.ActiveCfg = Release|Any CPU
		{BE2F4F82-5C3F-4C00-8675-2BB9E494C726}.Release|x64.Build.0 = Release|Any CPU
		{BE2F4F82-5C3F-4C00-8675-2BB9E494C726}.Release|x86.ActiveCfg = Release|Any CPU
		{BE2F4F82-5C3F-4C00-8675-2BB9E494C726}.Release|x86.Build.0 = Release|Any CPU
		{BE2F4F82-5C3F-4C00-8675-2BB9E494C726}.WIN_UNSAFE|Any CPU.ActiveCfg = Release|Any CPU
		{BE2F4F82-5C3F-4C00-8675-2BB9E494C726}.WIN_UNSAFE|Any CPU.Build.0 = Release|Any CPU
		{BE2F4F82-5C3F-4C00-8675-2BB9E494C726}.WIN_UNSAFE|x64.ActiveCfg = Release|Any CPU
		{BE2F4F82-5C3F-4C00-8675-2BB9E494C726}.WIN_UNSAFE|x64.Build.0 = Release|Any CPU
		{BE2F4F82-5C3F-4C00-8675-2BB9E494C726}.WIN_UNSAFE|x86.ActiveCfg = Release|Any CPU
		{BE2F4F82-5C3F-4C00-8675-2BB9E494C726}.WIN_UNSAFE|x86.Build.0 = Release|Any CPU
		{BCF99FCB-B832-4027-A3D8-5FC571528AFC}.Debug|Any CPU.ActiveCfg = Debug|Any CPU
		{BCF99FCB-B832-4027-A3D8-5FC571528AFC}.Debug|Any CPU.Build.0 = Debug|Any CPU
		{BCF99FCB-B832-4027-A3D8-5FC571528AFC}.Debug|x64.ActiveCfg = Debug|Any CPU
		{BCF99FCB-B832-4027-A3D8-5FC571528AFC}.Debug|x86.ActiveCfg = Debug|Any CPU
		{BCF99FCB-B832-4027-A3D8-5FC571528AFC}.Release|Any CPU.ActiveCfg = Release|Any CPU
		{BCF99FCB-B832-4027-A3D8-5FC571528AFC}.Release|Any CPU.Build.0 = Release|Any CPU
		{BCF99FCB-B832-4027-A3D8-5FC571528AFC}.Release|x64.ActiveCfg = Release|Any CPU
		{BCF99FCB-B832-4027-A3D8-5FC571528AFC}.Release|x86.ActiveCfg = Release|Any CPU
		{BCF99FCB-B832-4027-A3D8-5FC571528AFC}.WIN_UNSAFE|Any CPU.ActiveCfg = Release|Any CPU
		{BCF99FCB-B832-4027-A3D8-5FC571528AFC}.WIN_UNSAFE|x64.ActiveCfg = Release|Any CPU
		{BCF99FCB-B832-4027-A3D8-5FC571528AFC}.WIN_UNSAFE|x86.ActiveCfg = Release|Any CPU
		{AE81EDB8-8260-4CA1-8F62-6583AC1F6BFA}.Debug|Any CPU.ActiveCfg = Debug|Any CPU
		{AE81EDB8-8260-4CA1-8F62-6583AC1F6BFA}.Debug|Any CPU.Build.0 = Debug|Any CPU
		{AE81EDB8-8260-4CA1-8F62-6583AC1F6BFA}.Debug|x64.ActiveCfg = Debug|Any CPU
		{AE81EDB8-8260-4CA1-8F62-6583AC1F6BFA}.Debug|x86.ActiveCfg = Debug|Any CPU
		{AE81EDB8-8260-4CA1-8F62-6583AC1F6BFA}.Release|Any CPU.ActiveCfg = Release|Any CPU
		{AE81EDB8-8260-4CA1-8F62-6583AC1F6BFA}.Release|Any CPU.Build.0 = Release|Any CPU
		{AE81EDB8-8260-4CA1-8F62-6583AC1F6BFA}.Release|x64.ActiveCfg = Release|Any CPU
		{AE81EDB8-8260-4CA1-8F62-6583AC1F6BFA}.Release|x86.ActiveCfg = Release|Any CPU
		{AE81EDB8-8260-4CA1-8F62-6583AC1F6BFA}.WIN_UNSAFE|Any CPU.ActiveCfg = Release|Any CPU
		{AE81EDB8-8260-4CA1-8F62-6583AC1F6BFA}.WIN_UNSAFE|x64.ActiveCfg = Release|Any CPU
		{AE81EDB8-8260-4CA1-8F62-6583AC1F6BFA}.WIN_UNSAFE|x86.ActiveCfg = Release|Any CPU
		{508CB3FE-59C0-4211-8EAB-1AB4C7739E36}.Debug|Any CPU.ActiveCfg = Debug|Any CPU
		{508CB3FE-59C0-4211-8EAB-1AB4C7739E36}.Debug|Any CPU.Build.0 = Debug|Any CPU
		{508CB3FE-59C0-4211-8EAB-1AB4C7739E36}.Debug|x64.ActiveCfg = Debug|Any CPU
		{508CB3FE-59C0-4211-8EAB-1AB4C7739E36}.Debug|x64.Build.0 = Debug|Any CPU
		{508CB3FE-59C0-4211-8EAB-1AB4C7739E36}.Debug|x86.ActiveCfg = Debug|Any CPU
		{508CB3FE-59C0-4211-8EAB-1AB4C7739E36}.Debug|x86.Build.0 = Debug|Any CPU
		{508CB3FE-59C0-4211-8EAB-1AB4C7739E36}.Release|Any CPU.ActiveCfg = Release|Any CPU
		{508CB3FE-59C0-4211-8EAB-1AB4C7739E36}.Release|Any CPU.Build.0 = Release|Any CPU
		{508CB3FE-59C0-4211-8EAB-1AB4C7739E36}.Release|x64.ActiveCfg = Release|Any CPU
		{508CB3FE-59C0-4211-8EAB-1AB4C7739E36}.Release|x64.Build.0 = Release|Any CPU
		{508CB3FE-59C0-4211-8EAB-1AB4C7739E36}.Release|x86.ActiveCfg = Release|Any CPU
		{508CB3FE-59C0-4211-8EAB-1AB4C7739E36}.Release|x86.Build.0 = Release|Any CPU
		{508CB3FE-59C0-4211-8EAB-1AB4C7739E36}.WIN_UNSAFE|Any CPU.ActiveCfg = Release|Any CPU
		{508CB3FE-59C0-4211-8EAB-1AB4C7739E36}.WIN_UNSAFE|Any CPU.Build.0 = Release|Any CPU
		{508CB3FE-59C0-4211-8EAB-1AB4C7739E36}.WIN_UNSAFE|x64.ActiveCfg = Release|Any CPU
		{508CB3FE-59C0-4211-8EAB-1AB4C7739E36}.WIN_UNSAFE|x64.Build.0 = Release|Any CPU
		{508CB3FE-59C0-4211-8EAB-1AB4C7739E36}.WIN_UNSAFE|x86.ActiveCfg = Release|Any CPU
		{508CB3FE-59C0-4211-8EAB-1AB4C7739E36}.WIN_UNSAFE|x86.Build.0 = Release|Any CPU
		{02520D5B-5A13-4A70-80A6-B1DF17CF4A05}.Debug|Any CPU.ActiveCfg = Debug|Any CPU
		{02520D5B-5A13-4A70-80A6-B1DF17CF4A05}.Debug|Any CPU.Build.0 = Debug|Any CPU
		{02520D5B-5A13-4A70-80A6-B1DF17CF4A05}.Debug|x64.ActiveCfg = Debug|Any CPU
		{02520D5B-5A13-4A70-80A6-B1DF17CF4A05}.Debug|x64.Build.0 = Debug|Any CPU
		{02520D5B-5A13-4A70-80A6-B1DF17CF4A05}.Debug|x86.ActiveCfg = Debug|Any CPU
		{02520D5B-5A13-4A70-80A6-B1DF17CF4A05}.Debug|x86.Build.0 = Debug|Any CPU
		{02520D5B-5A13-4A70-80A6-B1DF17CF4A05}.Release|Any CPU.ActiveCfg = Release|Any CPU
		{02520D5B-5A13-4A70-80A6-B1DF17CF4A05}.Release|Any CPU.Build.0 = Release|Any CPU
		{02520D5B-5A13-4A70-80A6-B1DF17CF4A05}.Release|x64.ActiveCfg = Release|Any CPU
		{02520D5B-5A13-4A70-80A6-B1DF17CF4A05}.Release|x64.Build.0 = Release|Any CPU
		{02520D5B-5A13-4A70-80A6-B1DF17CF4A05}.Release|x86.ActiveCfg = Release|Any CPU
		{02520D5B-5A13-4A70-80A6-B1DF17CF4A05}.Release|x86.Build.0 = Release|Any CPU
		{02520D5B-5A13-4A70-80A6-B1DF17CF4A05}.WIN_UNSAFE|Any CPU.ActiveCfg = Release|Any CPU
		{02520D5B-5A13-4A70-80A6-B1DF17CF4A05}.WIN_UNSAFE|Any CPU.Build.0 = Release|Any CPU
		{02520D5B-5A13-4A70-80A6-B1DF17CF4A05}.WIN_UNSAFE|x64.ActiveCfg = Release|Any CPU
		{02520D5B-5A13-4A70-80A6-B1DF17CF4A05}.WIN_UNSAFE|x64.Build.0 = Release|Any CPU
		{02520D5B-5A13-4A70-80A6-B1DF17CF4A05}.WIN_UNSAFE|x86.ActiveCfg = Release|Any CPU
		{02520D5B-5A13-4A70-80A6-B1DF17CF4A05}.WIN_UNSAFE|x86.Build.0 = Release|Any CPU
		{AA70F6DE-C0C6-489A-9248-8C8AF722A9C9}.Debug|Any CPU.ActiveCfg = Debug|Win32
		{AA70F6DE-C0C6-489A-9248-8C8AF722A9C9}.Debug|x64.ActiveCfg = Debug|x64
		{AA70F6DE-C0C6-489A-9248-8C8AF722A9C9}.Debug|x64.Build.0 = Debug|x64
		{AA70F6DE-C0C6-489A-9248-8C8AF722A9C9}.Debug|x86.ActiveCfg = Debug|Win32
		{AA70F6DE-C0C6-489A-9248-8C8AF722A9C9}.Debug|x86.Build.0 = Debug|Win32
		{AA70F6DE-C0C6-489A-9248-8C8AF722A9C9}.Release|Any CPU.ActiveCfg = Release|Win32
		{AA70F6DE-C0C6-489A-9248-8C8AF722A9C9}.Release|x64.ActiveCfg = Release|x64
		{AA70F6DE-C0C6-489A-9248-8C8AF722A9C9}.Release|x64.Build.0 = Release|x64
		{AA70F6DE-C0C6-489A-9248-8C8AF722A9C9}.Release|x86.ActiveCfg = Release|Win32
		{AA70F6DE-C0C6-489A-9248-8C8AF722A9C9}.Release|x86.Build.0 = Release|Win32
		{AA70F6DE-C0C6-489A-9248-8C8AF722A9C9}.WIN_UNSAFE|Any CPU.ActiveCfg = Release|x64
		{AA70F6DE-C0C6-489A-9248-8C8AF722A9C9}.WIN_UNSAFE|x64.ActiveCfg = Release|x64
		{AA70F6DE-C0C6-489A-9248-8C8AF722A9C9}.WIN_UNSAFE|x86.ActiveCfg = Release|Win32
		{7CD434EA-F53D-4253-A1A2-7A2E56218BD9}.Debug|Any CPU.ActiveCfg = Debug|Any CPU
		{7CD434EA-F53D-4253-A1A2-7A2E56218BD9}.Debug|Any CPU.Build.0 = Debug|Any CPU
		{7CD434EA-F53D-4253-A1A2-7A2E56218BD9}.Debug|x64.ActiveCfg = Debug|Any CPU
		{7CD434EA-F53D-4253-A1A2-7A2E56218BD9}.Debug|x64.Build.0 = Debug|Any CPU
		{7CD434EA-F53D-4253-A1A2-7A2E56218BD9}.Debug|x86.ActiveCfg = Debug|Any CPU
		{7CD434EA-F53D-4253-A1A2-7A2E56218BD9}.Debug|x86.Build.0 = Debug|Any CPU
		{7CD434EA-F53D-4253-A1A2-7A2E56218BD9}.Release|Any CPU.ActiveCfg = Release|Any CPU
		{7CD434EA-F53D-4253-A1A2-7A2E56218BD9}.Release|Any CPU.Build.0 = Release|Any CPU
		{7CD434EA-F53D-4253-A1A2-7A2E56218BD9}.Release|x64.ActiveCfg = Release|Any CPU
		{7CD434EA-F53D-4253-A1A2-7A2E56218BD9}.Release|x64.Build.0 = Release|Any CPU
		{7CD434EA-F53D-4253-A1A2-7A2E56218BD9}.Release|x86.ActiveCfg = Release|Any CPU
		{7CD434EA-F53D-4253-A1A2-7A2E56218BD9}.Release|x86.Build.0 = Release|Any CPU
		{7CD434EA-F53D-4253-A1A2-7A2E56218BD9}.WIN_UNSAFE|Any CPU.ActiveCfg = Release|Any CPU
		{7CD434EA-F53D-4253-A1A2-7A2E56218BD9}.WIN_UNSAFE|Any CPU.Build.0 = Release|Any CPU
		{7CD434EA-F53D-4253-A1A2-7A2E56218BD9}.WIN_UNSAFE|x64.ActiveCfg = Release|Any CPU
		{7CD434EA-F53D-4253-A1A2-7A2E56218BD9}.WIN_UNSAFE|x64.Build.0 = Release|Any CPU
		{7CD434EA-F53D-4253-A1A2-7A2E56218BD9}.WIN_UNSAFE|x86.ActiveCfg = Release|Any CPU
		{7CD434EA-F53D-4253-A1A2-7A2E56218BD9}.WIN_UNSAFE|x86.Build.0 = Release|Any CPU
	EndGlobalSection
	GlobalSection(SolutionProperties) = preSolution
		HideSolutionNode = FALSE
	EndGlobalSection
	GlobalSection(ExtensibilityGlobals) = postSolution
		SolutionGuid = {0BAA5BD1-4EE1-4BD0-B4F2-73D2DB8667D5}
	EndGlobalSection
EndGlobal
